
Microsoft Visual Studio Solution File, Format Version 12.00
# Visual Studio Version 16
VisualStudioVersion = 16.0.32002.261
MinimumVisualStudioVersion = 10.0.40219.1
Project("{a39149a4-cd81-4f3f-86af-4f710c834fde}") = "FertilityHoe", "FertilityHoe.csproj", "{b1d1aa27-8862-4b53-aaf2-8e5b17174771}"
EndProject
Global
	GlobalSection(SolutionConfigurationPlatforms) = preSolution
		Debug|Any CPU = Debug|Any CPU
		Release|Any CPU = Release|Any CPU
	EndGlobalSection
	GlobalSection(ProjectConfigurationPlatforms) = postSolution
		{b1d1aa27-8862-4b53-aaf2-8e5b17174771}.Debug|Any CPU.ActiveCfg = Debug|Any CPU
		{b1d1aa27-8862-4b53-aaf2-8e5b17174771}.Debug|Any CPU.Build.0 = Debug|Any CPU
		{b1d1aa27-8862-4b53-aaf2-8e5b17174771}.Release|Any CPU.ActiveCfg = Release|Any CPU
		{b1d1aa27-8862-4b53-aaf2-8e5b17174771}.Release|Any CPU.Build.0 = Release|Any CPU
	EndGlobalSection
	GlobalSection(SolutionProperties) = preSolution
		HideSolutionNode = FALSE
	EndGlobalSection
	GlobalSection(ExtensibilityGlobals) = postSolution
		SolutionGuid = {9B6C602D-3EA8-4BE7-8F42-0C19E209AAD0}
	EndGlobalSection
EndGlobal
